
Microsoft Visual Studio Solution File, Format Version 12.00
# Visual Studio Version 16
VisualStudioVersion = 16.0.32126.315
MinimumVisualStudioVersion = 10.0.40219.1
Project("{FAE04EC0-301F-11D3-BF4B-00C04F79EFBC}") = "WebPlayground_Tests", "WebPlayground_Tests\WebPlayground_Tests.csproj", "{F9516F75-0CF7-4621-B72C-C9C70B74F27E}"
EndProject
Global
	GlobalSection(SolutionConfigurationPlatforms) = preSolution
		Debug|Any CPU = Debug|Any CPU
		Release|Any CPU = Release|Any CPU
	EndGlobalSection
	GlobalSection(ProjectConfigurationPlatforms) = postSolution
		{F9516F75-0CF7-4621-B72C-C9C70B74F27E}.Debug|Any CPU.ActiveCfg = Debug|Any CPU
		{F9516F75-0CF7-4621-B72C-C9C70B74F27E}.Debug|Any CPU.Build.0 = Debug|Any CPU
		{F9516F75-0CF7-4621-B72C-C9C70B74F27E}.Release|Any CPU.ActiveCfg = Release|Any CPU
		{F9516F75-0CF7-4621-B72C-C9C70B74F27E}.Release|Any CPU.Build.0 = Release|Any CPU
	EndGlobalSection
	GlobalSection(SolutionProperties) = preSolution
		HideSolutionNode = FALSE
	EndGlobalSection
	GlobalSection(ExtensibilityGlobals) = postSolution
		SolutionGuid = {D0C8D351-BCAC-4AD7-AD52-8BB06B198C1F}
	EndGlobalSection
EndGlobal
